# This file is automatically @generated by Cargo.
# It is not intended for manual editing.
version = 4

[[package]]
name = "ash"
version = "0.38.0+1.3.281"
source = "registry+https://github.com/rust-lang/crates.io-index"
checksum = "0bb44936d800fea8f016d7f2311c6a4f97aebd5dc86f09906139ec848cf3a46f"
dependencies = [
 "libloading",
]

[[package]]
name = "atlas-analysis"
version = "0.1.0"
dependencies = [
 "atlas-ucir",
]

[[package]]
name = "atlas-architectures"
version = "0.1.0"
dependencies = [
 "atlas-program",
]

[[package]]
name = "atlas-benchmark-db"
version = "0.1.0"

[[package]]
name = "atlas-cache"
version = "0.1.0"

[[package]]
name = "atlas-cli"
version = "0.1.0"
dependencies = [
 "atlas-report",
 "atlas-validator",
]

[[package]]
name = "atlas-coordinator"
version = "0.1.0"
dependencies = [
 "atlas-worker",
]

[[package]]
name = "atlas-executor"
version = "0.1.0"
dependencies = [
 "atlas-program",
 "atlas-validator",
]

[[package]]
name = "atlas-facts"
version = "0.1.0"

[[package]]
name = "atlas-gpu-cuda-adapter"
version = "0.1.0"
dependencies = [
 "atlas-search-gpu",
 "atlas-search-ir",
]

[[package]]
name = "atlas-gpu-hip-adapter"
version = "0.1.0"
dependencies = [
 "atlas-search-gpu",
 "atlas-search-ir",
]

[[package]]
name = "atlas-gpu-opencl-adapter"
version = "0.1.0"
dependencies = [
 "atlas-search-gpu",
 "atlas-search-ir",
 "opencl3",
]

[[package]]
name = "atlas-gpu-vulkan-adapter"
version = "0.1.0"
dependencies = [
 "ash",
 "atlas-search-gpu",
 "atlas-search-ir",
 "shaderc",
]

[[package]]
name = "atlas-learning"
version = "0.1.0"

[[package]]
name = "atlas-math"
version = "0.1.0"

[[package]]
name = "atlas-notebook"
version = "0.1.0"

[[package]]
name = "atlas-placement"
version = "0.1.0"

[[package]]
name = "atlas-planner"
version = "0.1.0"
dependencies = [
 "atlas-analysis",
]

[[package]]
name = "atlas-program"
version = "0.1.0"

[[package]]
name = "atlas-program-analysis"
version = "0.1.0"
dependencies = [
 "atlas-program",
]

[[package]]
name = "atlas-protocol"
version = "0.1.0"

[[package]]
name = "atlas-report"
version = "0.1.0"
dependencies = [
 "atlas-validator",
]

[[package]]
name = "atlas-scheduler"
version = "0.1.0"
dependencies = [
 "atlas-planner",
]

[[package]]
name = "atlas-search-gpu"
version = "0.1.0"
dependencies = [
 "atlas-placement",
 "atlas-scheduler",
 "atlas-search-ir",
 "atlas-search-native",
]

[[package]]
name = "atlas-search-ir"
version = "0.1.0"

[[package]]
name = "atlas-search-native"
version = "0.1.0"
dependencies = [
 "atlas-scheduler",
 "atlas-search-ir",
]

[[package]]
name = "atlas-search-simd"
version = "0.1.0"
dependencies = [
 "atlas-scheduler",
 "atlas-search-ir",
 "atlas-search-native",
]

[[package]]
name = "atlas-strategies"
version = "0.1.0"
dependencies = [
 "atlas-facts",
]

[[package]]
name = "atlas-summaries"
version = "0.1.0"

[[package]]
name = "atlas-ucir"
version = "0.1.0"

[[package]]
name = "atlas-validator"
version = "0.1.0"
dependencies = [
 "atlas-ucir",
]

[[package]]
name = "atlas-worker"
version = "0.1.0"

[[package]]
name = "cc"
version = "1.4.0"
source = "registry+https://github.com/rust-lang/crates.io-index"
checksum = "5add81bb678e6cb321aff7fa0dc7689ad82b112dbc032cea19f91d6b8e3582b9"
dependencies = [
 "find-msvc-tools",
 "shlex",
]

[[package]]
name = "cfg-if"
version = "1.0.4"
source = "registry+https://github.com/rust-lang/crates.io-index"
checksum = "9330f8b2ff13f34540b44e946ef35111825727b38d33286ef986142615121801"

[[package]]
name = "cl3"
version = "0.13.1"
source = "registry+https://github.com/rust-lang/crates.io-index"
checksum = "8ad5f4170f520224684c5c6e86e8d5474c2a10696e553b1db8389970cd82ece7"
dependencies = [
 "dlopen2",
 "libc",
 "opencl-sys",
 "thiserror",
]

[[package]]
name = "cmake"
version = "0.1.58"
source = "registry+https://github.com/rust-lang/crates.io-index"
checksum = "c0f78a02292a74a88ac736019ab962ece0bc380e3f977bf72e376c5d78ff0678"
dependencies = [
 "cc",
]

[[package]]
name = "dlopen2"
version = "0.8.2"
source = "registry+https://github.com/rust-lang/crates.io-index"
checksum = "5e2c5bd4158e66d1e215c49b837e11d62f3267b30c92f1d171c4d3105e3dc4d4"
dependencies = [
 "dlopen2_derive",
 "libc",
 "once_cell",
 "winapi",
]

[[package]]
name = "dlopen2_derive"
version = "0.4.3"
source = "registry+https://github.com/rust-lang/crates.io-index"
checksum = "0fbbb781877580993a8707ec48672673ec7b81eeba04cfd2310bd28c08e47c8f"
dependencies = [
 "proc-macro2",
 "quote",
 "syn 2.0.119",
]

[[package]]
name = "find-msvc-tools"
version = "0.1.9"
source = "registry+https://github.com/rust-lang/crates.io-index"
checksum = "5baebc0774151f905a1a2cc41989300b1e6fbb29aff0ceffa1064fdd3088d582"

[[package]]
name = "libc"
version = "0.2.189"
source = "registry+https://github.com/rust-lang/crates.io-index"
checksum = "3eaf3ede3fee6db1a4c2ee091bf8a8b4dccdc6d17f656fb07896ee72867612f2"

[[package]]
name = "libloading"
version = "0.8.9"
source = "registry+https://github.com/rust-lang/crates.io-index"
checksum = "d7c4b02199fee7c5d21a5ae7d8cfa79a6ef5bb2fc834d6e9058e89c825efdc55"
dependencies = [
 "cfg-if",
 "windows-link",
]

[[package]]
name = "link-cplusplus"
version = "1.0.12"
source = "registry+https://github.com/rust-lang/crates.io-index"
checksum = "7f78c730aaa7d0b9336a299029ea49f9ee53b0ed06e9202e8cb7db9bae7b8c82"
dependencies = [
 "cc",
]

[[package]]
name = "once_cell"
version = "1.21.4"
source = "registry+https://github.com/rust-lang/crates.io-index"
checksum = "9f7c3e4beb33f85d45ae3e3a1792185706c8e16d043238c593331cc7cd313b50"

[[package]]
name = "opencl-sys"
version = "0.6.1"
source = "registry+https://github.com/rust-lang/crates.io-index"
checksum = "9bd005f352b2f05acd01d04122448e84f8bc66bdae49045927841bc63de62123"
dependencies = [
 "libc",
]

[[package]]
name = "opencl3"
version = "0.12.3"
source = "registry+https://github.com/rust-lang/crates.io-index"
checksum = "ecb3473c4f01afd0eea3ee5b31649fec47dbc23353a63e1b916aa67cd810fb73"
dependencies = [
 "cl3",
 "libc",
]

[[package]]
name = "pkg-config"
version = "0.3.33"
source = "registry+https://github.com/rust-lang/crates.io-index"
checksum = "19f132c84eca552bf34cab8ec81f1c1dcc229b811638f9d283dceabe58c5569e"

[[package]]
name = "proc-macro2"
version = "1.0.107"
source = "registry+https://github.com/rust-lang/crates.io-index"
checksum = "985e7ec9bb745e6ce6535b544d84d6cd6f7ad8bd711c398938ae983b91a766d9"
dependencies = [
 "unicode-ident",
]

[[package]]
name = "quote"
version = "1.0.47"
source = "registry+https://github.com/rust-lang/crates.io-index"
checksum = "1fbf4db142a473a8d80c26bbf18454ed458bf8d26c8219c331daecfdbd079001"
dependencies = [
 "proc-macro2",
]

[[package]]
name = "roxmltree"
version = "0.20.0"
source = "registry+https://github.com/rust-lang/crates.io-index"
checksum = "6c20b6793b5c2fa6553b250154b78d6d0db37e72700ae35fad9387a46f487c97"

[[package]]
name = "shaderc"
version = "0.10.1"
source = "registry+https://github.com/rust-lang/crates.io-index"
checksum = "8ab2a6e36d1c1e2320c87e2b806a3e7b0dffaa67b82c14a39dad6cf7637208ae"
dependencies = [
 "libc",
 "shaderc-sys",
]

[[package]]
name = "shaderc-sys"
version = "0.10.1"
source = "registry+https://github.com/rust-lang/crates.io-index"
checksum = "bdceb85b2c6d2c27b95ffe2d341063dfded0aca8046f7f60c544bbeaeaf8bcae"
dependencies = [
 "cmake",
 "libc",
 "link-cplusplus",
 "pkg-config",
 "roxmltree",
]

[[package]]
name = "shlex"
version = "2.0.1"
source = "registry+https://github.com/rust-lang/crates.io-index"
checksum = "f8fadd59c855ef2080decdef8ff161eb6661b86933c9d82e5ba29dc602a55aba"

[[package]]
name = "syn"
version = "2.0.119"
source = "registry+https://github.com/rust-lang/crates.io-index"
checksum = "872831b642d1a07999a962a351ed35b955ea2cfc8f3862091e2a240a84f17297"
dependencies = [
 "proc-macro2",
 "quote",
 "unicode-ident",
]

[[package]]
name = "syn"
version = "3.0.3"
source = "registry+https://github.com/rust-lang/crates.io-index"
checksum = "53e9bae58849f64dfa4f5d5ae372c8341f7305f82a3868709269343628b659a3"
dependencies = [
 "proc-macro2",
 "quote",
 "unicode-ident",
]

[[package]]
name = "thiserror"
version = "2.0.19"
source = "registry+https://github.com/rust-lang/crates.io-index"
checksum = "09a43598840e33d5b0331f38c5e30d13bb11c11210a4b58f0d9b18a5a5eefcd9"
dependencies = [
 "thiserror-impl",
]

[[package]]
name = "thiserror-impl"
version = "2.0.19"
source = "registry+https://github.com/rust-lang/crates.io-index"
checksum = "43cbfe0cf76104d42a574802844187e84a305e531ed54455f11fbde0f10541cd"
dependencies = [
 "proc-macro2",
 "quote",
 "syn 3.0.3",
]

[[package]]
name = "unicode-ident"
version = "1.0.24"
source = "registry+https://github.com/rust-lang/crates.io-index"
checksum = "e6e4313cd5fcd3dad5cafa179702e2b244f760991f45397d14d4ebf38247da75"

[[package]]
name = "winapi"
version = "0.3.9"
source = "registry+https://github.com/rust-lang/crates.io-index"
checksum = "5c839a674fcd7a98952e593242ea400abe93992746761e38641405d28b00f419"
dependencies = [
 "winapi-i686-pc-windows-gnu",
 "winapi-x86_64-pc-windows-gnu",
]

[[package]]
name = "winapi-i686-pc-windows-gnu"
version = "0.4.0"
source = "registry+https://github.com/rust-lang/crates.io-index"
checksum = "ac3b87c63620426dd9b991e5ce0329eff545bccbbb34f3be09ff6fb6ab51b7b6"

[[package]]
name = "winapi-x86_64-pc-windows-gnu"
version = "0.4.0"
source = "registry+https://github.com/rust-lang/crates.io-index"
checksum = "712e227841d057c1ee1cd2fb22fa7e5a5461ae8e48fa2ca79ec42cfc1931183f"

[[package]]
name = "windows-link"
version = "0.2.1"
source = "registry+https://github.com/rust-lang/crates.io-index"
checksum = "f0805222e57f7521d6a62e36fa9163bc891acd422f971defe97d64e70d0a4fe5"
