# This file is automatically @generated by Cargo.
# It is not intended for manual editing.
version = 4

[[package]]
name = "atlas-analysis"
version = "0.1.0"
dependencies = [
 "atlas-ucir",
]

[[package]]
name = "atlas-cache"
version = "0.1.0"

[[package]]
name = "atlas-cli"
version = "0.1.0"
dependencies = [
 "atlas-report",
 "atlas-validator",
]

[[package]]
name = "atlas-executor"
version = "0.1.0"
dependencies = [
 "atlas-program",
 "atlas-validator",
]

[[package]]
name = "atlas-facts"
version = "0.1.0"

[[package]]
name = "atlas-planner"
version = "0.1.0"
dependencies = [
 "atlas-analysis",
]

[[package]]
name = "atlas-program"
version = "0.1.0"

[[package]]
name = "atlas-program-analysis"
version = "0.1.0"
dependencies = [
 "atlas-program",
]

[[package]]
name = "atlas-protocol"
version = "0.1.0"

[[package]]
name = "atlas-report"
version = "0.1.0"
dependencies = [
 "atlas-validator",
]

[[package]]
name = "atlas-scheduler"
version = "0.1.0"
dependencies = [
 "atlas-planner",
]

[[package]]
name = "atlas-search-ir"
version = "0.1.0"

[[package]]
name = "atlas-search-native"
version = "0.1.0"
dependencies = [
 "atlas-scheduler",
 "atlas-search-ir",
]

[[package]]
name = "atlas-strategies"
version = "0.1.0"
dependencies = [
 "atlas-facts",
]

[[package]]
name = "atlas-ucir"
version = "0.1.0"

[[package]]
name = "atlas-validator"
version = "0.1.0"
dependencies = [
 "atlas-ucir",
]
